// !$*UTF8*$!
{
	archiveVersion = 1;
	classes = {
	};
	objectVersion = 56;
	objects = {

/* Begin PBXBuildFile section */
		0509A7B62A0C085A00C2BE6E /* AppDelegate.swift in Sources */ = {isa = PBXBuildFile; fileRef = 0509A7B52A0C085A00C2BE6E /* AppDelegate.swift */; };
		0509A7B82A0C085A00C2BE6E /* SceneDelegate.swift in Sources */ = {isa = PBXBuildFile; fileRef = 0509A7B72A0C085A00C2BE6E /* SceneDelegate.swift */; };
		0509A7BA2A0C085A00C2BE6E /* CharactersListViewController.swift in Sources */ = {isa = PBXBuildFile; fileRef = 0509A7B92A0C085A00C2BE6E /* CharactersListViewController.swift */; };
		0509A7BD2A0C085A00C2BE6E /* Main.storyboard in Resources */ = {isa = PBXBuildFile; fileRef = 0509A7BB2A0C085A00C2BE6E /* Main.storyboard */; };
		0509A7BF2A0C085B00C2BE6E /* Assets.xcassets in Resources */ = {isa = PBXBuildFile; fileRef = 0509A7BE2A0C085B00C2BE6E /* Assets.xcassets */; };
		0509A7C22A0C085B00C2BE6E /* LaunchScreen.storyboard in Resources */ = {isa = PBXBuildFile; fileRef = 0509A7C02A0C085B00C2BE6E /* LaunchScreen.storyboard */; };
		0509A7CD2A0C085B00C2BE6E /* Rick___MortyTests.swift in Sources */ = {isa = PBXBuildFile; fileRef = 0509A7CC2A0C085B00C2BE6E /* Rick___MortyTests.swift */; };
		0509A7D72A0C085B00C2BE6E /* Rick___MortyUITests.swift in Sources */ = {isa = PBXBuildFile; fileRef = 0509A7D62A0C085B00C2BE6E /* Rick___MortyUITests.swift */; };
		0509A7D92A0C085B00C2BE6E /* Rick___MortyUITestsLaunchTests.swift in Sources */ = {isa = PBXBuildFile; fileRef = 0509A7D82A0C085B00C2BE6E /* Rick___MortyUITestsLaunchTests.swift */; };
		0509A7E92A0C094300C2BE6E /* API Client.swift in Sources */ = {isa = PBXBuildFile; fileRef = 0509A7E82A0C094300C2BE6E /* API Client.swift */; };
		0509A7EB2A0C0C3100C2BE6E /* CharacterModelResponse.swift in Sources */ = {isa = PBXBuildFile; fileRef = 0509A7EA2A0C0C3100C2BE6E /* CharacterModelResponse.swift */; };
		0509A7ED2A0C0D3500C2BE6E /* CharacterModel.swift in Sources */ = {isa = PBXBuildFile; fileRef = 0509A7EC2A0C0D3500C2BE6E /* CharacterModel.swift */; };
		0509A7EF2A0C0EDA00C2BE6E /* CharacteraListView.swift in Sources */ = {isa = PBXBuildFile; fileRef = 0509A7EE2A0C0EDA00C2BE6E /* CharacteraListView.swift */; };
		0509A7F12A0CF66D00C2BE6E /* CharacterListCellView.swift in Sources */ = {isa = PBXBuildFile; fileRef = 0509A7F02A0CF66D00C2BE6E /* CharacterListCellView.swift */; };
		0509A7F32A0D5CD500C2BE6E /* ListOfCharactersTableViewDataSource.swift in Sources */ = {isa = PBXBuildFile; fileRef = 0509A7F22A0D5CD500C2BE6E /* ListOfCharactersTableViewDataSource.swift */; };
		0509A7F62A0E575E00C2BE6E /* Kingfisher in Frameworks */ = {isa = PBXBuildFile; productRef = 0509A7F52A0E575E00C2BE6E /* Kingfisher */; };
		0509A7F82A0E58D600C2BE6E /* ListOfCharactersTableViewDelegate.swift in Sources */ = {isa = PBXBuildFile; fileRef = 0509A7F72A0E58D600C2BE6E /* ListOfCharactersTableViewDelegate.swift */; };
		0509A8002A0E607100C2BE6E /* CharacterDetailView.swift in Sources */ = {isa = PBXBuildFile; fileRef = 0509A7FF2A0E607100C2BE6E /* CharacterDetailView.swift */; };
		0509A8022A0E618700C2BE6E /* CharacterDetailViewController.swift in Sources */ = {isa = PBXBuildFile; fileRef = 0509A8012A0E618700C2BE6E /* CharacterDetailViewController.swift */; };
		0509A80B2A1512C000C2BE6E /* Coordinator.swift in Sources */ = {isa = PBXBuildFile; fileRef = 0509A80A2A1512C000C2BE6E /* Coordinator.swift */; };
		0509A80D2A15464B00C2BE6E /* MainCoordinator.swift in Sources */ = {isa = PBXBuildFile; fileRef = 0509A80C2A15464B00C2BE6E /* MainCoordinator.swift */; };
		0509A80F2A1CF96F00C2BE6E /* CharacterDetailPushCoordinator.swift in Sources */ = {isa = PBXBuildFile; fileRef = 0509A80E2A1CF96F00C2BE6E /* CharacterDetailPushCoordinator.swift */; };
		0509A8112A1CFEB500C2BE6E /* CharacterDetailModalCoordinator.swift in Sources */ = {isa = PBXBuildFile; fileRef = 0509A8102A1CFEB500C2BE6E /* CharacterDetailModalCoordinator.swift */; };
/* End PBXBuildFile section */

/* Begin PBXContainerItemProxy section */
		0509A7C92A0C085B00C2BE6E /* PBXContainerItemProxy */ = {
			isa = PBXContainerItemProxy;
			containerPortal = 0509A7AA2A0C085A00C2BE6E /* Project object */;
			proxyType = 1;
			remoteGlobalIDString = 0509A7B12A0C085A00C2BE6E;
			remoteInfo = "Rick & Morty";
		};
		0509A7D32A0C085B00C2BE6E /* PBXContainerItemProxy */ = {
			isa = PBXContainerItemProxy;
			containerPortal = 0509A7AA2A0C085A00C2BE6E /* Project object */;
			proxyType = 1;
			remoteGlobalIDString = 0509A7B12A0C085A00C2BE6E;
			remoteInfo = "Rick & Morty";
		};
/* End PBXContainerItemProxy section */

/* Begin PBXFileReference section */
		0509A7B22A0C085A00C2BE6E /* Rick & Morty.app */ = {isa = PBXFileReference; explicitFileType = wrapper.application; includeInIndex = 0; path = "Rick & Morty.app"; sourceTree = BUILT_PRODUCTS_DIR; };
		0509A7B52A0C085A00C2BE6E /* AppDelegate.swift */ = {isa = PBXFileReference; lastKnownFileType = sourcecode.swift; path = AppDelegate.swift; sourceTree = "<group>"; };
		0509A7B72A0C085A00C2BE6E /* SceneDelegate.swift */ = {isa = PBXFileReference; lastKnownFileType = sourcecode.swift; path = SceneDelegate.swift; sourceTree = "<group>"; };
		0509A7B92A0C085A00C2BE6E /* CharactersListViewController.swift */ = {isa = PBXFileReference; lastKnownFileType = sourcecode.swift; path = CharactersListViewController.swift; sourceTree = "<group>"; };
		0509A7BC2A0C085A00C2BE6E /* Base */ = {isa = PBXFileReference; lastKnownFileType = file.storyboard; name = Base; path = Base.lproj/Main.storyboard; sourceTree = "<group>"; };
		0509A7BE2A0C085B00C2BE6E /* Assets.xcassets */ = {isa = PBXFileReference; lastKnownFileType = folder.assetcatalog; path = Assets.xcassets; sourceTree = "<group>"; };
		0509A7C12A0C085B00C2BE6E /* Base */ = {isa = PBXFileReference; lastKnownFileType = file.storyboard; name = Base; path = Base.lproj/LaunchScreen.storyboard; sourceTree = "<group>"; };
		0509A7C32A0C085B00C2BE6E /* Info.plist */ = {isa = PBXFileReference; lastKnownFileType = text.plist.xml; path = Info.plist; sourceTree = "<group>"; };
		0509A7C82A0C085B00C2BE6E /* Rick & MortyTests.xctest */ = {isa = PBXFileReference; explicitFileType = wrapper.cfbundle; includeInIndex = 0; path = "Rick & MortyTests.xctest"; sourceTree = BUILT_PRODUCTS_DIR; };
		0509A7CC2A0C085B00C2BE6E /* Rick___MortyTests.swift */ = {isa = PBXFileReference; lastKnownFileType = sourcecode.swift; path = "Rick___MortyTests.swift"; sourceTree = "<group>"; };
		0509A7D22A0C085B00C2BE6E /* Rick & MortyUITests.xctest */ = {isa = PBXFileReference; explicitFileType = wrapper.cfbundle; includeInIndex = 0; path = "Rick & MortyUITests.xctest"; sourceTree = BUILT_PRODUCTS_DIR; };
		0509A7D62A0C085B00C2BE6E /* Rick___MortyUITests.swift */ = {isa = PBXFileReference; lastKnownFileType = sourcecode.swift; path = "Rick___MortyUITests.swift"; sourceTree = "<group>"; };
		0509A7D82A0C085B00C2BE6E /* Rick___MortyUITestsLaunchTests.swift */ = {isa = PBXFileReference; lastKnownFileType = sourcecode.swift; path = "Rick___MortyUITestsLaunchTests.swift"; sourceTree = "<group>"; };
		0509A7E82A0C094300C2BE6E /* API Client.swift */ = {isa = PBXFileReference; lastKnownFileType = sourcecode.swift; path = "API Client.swift"; sourceTree = "<group>"; };
		0509A7EA2A0C0C3100C2BE6E /* CharacterModelResponse.swift */ = {isa = PBXFileReference; lastKnownFileType = sourcecode.swift; path = CharacterModelResponse.swift; sourceTree = "<group>"; };
		0509A7EC2A0C0D3500C2BE6E /* CharacterModel.swift */ = {isa = PBXFileReference; lastKnownFileType = sourcecode.swift; path = CharacterModel.swift; sourceTree = "<group>"; };
		0509A7EE2A0C0EDA00C2BE6E /* CharacteraListView.swift */ = {isa = PBXFileReference; lastKnownFileType = sourcecode.swift; path = CharacteraListView.swift; sourceTree = "<group>"; };
		0509A7F02A0CF66D00C2BE6E /* CharacterListCellView.swift */ = {isa = PBXFileReference; lastKnownFileType = sourcecode.swift; path = CharacterListCellView.swift; sourceTree = "<group>"; };
		0509A7F22A0D5CD500C2BE6E /* ListOfCharactersTableViewDataSource.swift */ = {isa = PBXFileReference; lastKnownFileType = sourcecode.swift; path = ListOfCharactersTableViewDataSource.swift; sourceTree = "<group>"; };
		0509A7F72A0E58D600C2BE6E /* ListOfCharactersTableViewDelegate.swift */ = {isa = PBXFileReference; lastKnownFileType = sourcecode.swift; path = ListOfCharactersTableViewDelegate.swift; sourceTree = "<group>"; };
		0509A7FF2A0E607100C2BE6E /* CharacterDetailView.swift */ = {isa = PBXFileReference; lastKnownFileType = sourcecode.swift; path = CharacterDetailView.swift; sourceTree = "<group>"; };
		0509A8012A0E618700C2BE6E /* CharacterDetailViewController.swift */ = {isa = PBXFileReference; lastKnownFileType = sourcecode.swift; path = CharacterDetailViewController.swift; sourceTree = "<group>"; };
		0509A80A2A1512C000C2BE6E /* Coordinator.swift */ = {isa = PBXFileReference; lastKnownFileType = sourcecode.swift; path = Coordinator.swift; sourceTree = "<group>"; };
		0509A80C2A15464B00C2BE6E /* MainCoordinator.swift */ = {isa = PBXFileReference; lastKnownFileType = sourcecode.swift; path = MainCoordinator.swift; sourceTree = "<group>"; };
		0509A80E2A1CF96F00C2BE6E /* CharacterDetailPushCoordinator.swift */ = {isa = PBXFileReference; lastKnownFileType = sourcecode.swift; path = CharacterDetailPushCoordinator.swift; sourceTree = "<group>"; };
		0509A8102A1CFEB500C2BE6E /* CharacterDetailModalCoordinator.swift */ = {isa = PBXFileReference; lastKnownFileType = sourcecode.swift; path = CharacterDetailModalCoordinator.swift; sourceTree = "<group>"; };
/* End PBXFileReference section */

/* Begin PBXFrameworksBuildPhase section */
		0509A7AF2A0C085A00C2BE6E /* Frameworks */ = {
			isa = PBXFrameworksBuildPhase;
			buildActionMask = 2147483647;
			files = (
				0509A7F62A0E575E00C2BE6E /* Kingfisher in Frameworks */,
			);
			runOnlyForDeploymentPostprocessing = 0;
		};
		0509A7C52A0C085B00C2BE6E /* Frameworks */ = {
			isa = PBXFrameworksBuildPhase;
			buildActionMask = 2147483647;
			files = (
			);
			runOnlyForDeploymentPostprocessing = 0;
		};
		0509A7CF2A0C085B00C2BE6E /* Frameworks */ = {
			isa = PBXFrameworksBuildPhase;
			buildActionMask = 2147483647;
			files = (
			);
			runOnlyForDeploymentPostprocessing = 0;
		};
/* End PBXFrameworksBuildPhase section */

/* Begin PBXGroup section */
		0509A7A92A0C085A00C2BE6E = {
			isa = PBXGroup;
			children = (
				0509A7B42A0C085A00C2BE6E /* Rick & Morty */,
				0509A7CB2A0C085B00C2BE6E /* Rick & MortyTests */,
				0509A7D52A0C085B00C2BE6E /* Rick & MortyUITests */,
				0509A7B32A0C085A00C2BE6E /* Products */,
			);
			sourceTree = "<group>";
		};
		0509A7B32A0C085A00C2BE6E /* Products */ = {
			isa = PBXGroup;
			children = (
				0509A7B22A0C085A00C2BE6E /* Rick & Morty.app */,
				0509A7C82A0C085B00C2BE6E /* Rick & MortyTests.xctest */,
				0509A7D22A0C085B00C2BE6E /* Rick & MortyUITests.xctest */,
			);
			name = Products;
			sourceTree = "<group>";
		};
		0509A7B42A0C085A00C2BE6E /* Rick & Morty */ = {
			isa = PBXGroup;
			children = (
				0509A7B52A0C085A00C2BE6E /* AppDelegate.swift */,
				0509A7B72A0C085A00C2BE6E /* SceneDelegate.swift */,
				0509A8032A0E953600C2BE6E /* Coordinators */,
				0509A7FA2A0E5F6A00C2BE6E /* CharacterDetail */,
				0509A7F92A0E5CB900C2BE6E /* ListOfCharacters */,
				0509A7BE2A0C085B00C2BE6E /* Assets.xcassets */,
				0509A7C02A0C085B00C2BE6E /* LaunchScreen.storyboard */,
				0509A7C32A0C085B00C2BE6E /* Info.plist */,
			);
			path = "Rick & Morty";
			sourceTree = "<group>";
		};
		0509A7CB2A0C085B00C2BE6E /* Rick & MortyTests */ = {
			isa = PBXGroup;
			children = (
				0509A7CC2A0C085B00C2BE6E /* Rick___MortyTests.swift */,
			);
			path = "Rick & MortyTests";
			sourceTree = "<group>";
		};
		0509A7D52A0C085B00C2BE6E /* Rick & MortyUITests */ = {
			isa = PBXGroup;
			children = (
				0509A7D62A0C085B00C2BE6E /* Rick___MortyUITests.swift */,
				0509A7D82A0C085B00C2BE6E /* Rick___MortyUITestsLaunchTests.swift */,
			);
			path = "Rick & MortyUITests";
			sourceTree = "<group>";
		};
		0509A7E52A0C089900C2BE6E /* Model */ = {
			isa = PBXGroup;
			children = (
				0509A7E82A0C094300C2BE6E /* API Client.swift */,
				0509A7EA2A0C0C3100C2BE6E /* CharacterModelResponse.swift */,
				0509A7EC2A0C0D3500C2BE6E /* CharacterModel.swift */,
			);
			path = Model;
			sourceTree = "<group>";
		};
		0509A7E62A0C08A300C2BE6E /* View */ = {
			isa = PBXGroup;
			children = (
				0509A7EE2A0C0EDA00C2BE6E /* CharacteraListView.swift */,
				0509A7F02A0CF66D00C2BE6E /* CharacterListCellView.swift */,
				0509A7BB2A0C085A00C2BE6E /* Main.storyboard */,
			);
			path = View;
			sourceTree = "<group>";
		};
		0509A7E72A0C08B200C2BE6E /* Controller */ = {
			isa = PBXGroup;
			children = (
				0509A7B92A0C085A00C2BE6E /* CharactersListViewController.swift */,
				0509A7F22A0D5CD500C2BE6E /* ListOfCharactersTableViewDataSource.swift */,
				0509A7F72A0E58D600C2BE6E /* ListOfCharactersTableViewDelegate.swift */,
			);
			path = Controller;
			sourceTree = "<group>";
		};
		0509A7F92A0E5CB900C2BE6E /* ListOfCharacters */ = {
			isa = PBXGroup;
			children = (
				0509A7E52A0C089900C2BE6E /* Model */,
				0509A7E62A0C08A300C2BE6E /* View */,
				0509A7E72A0C08B200C2BE6E /* Controller */,
			);
			path = ListOfCharacters;
			sourceTree = "<group>";
		};
		0509A7FA2A0E5F6A00C2BE6E /* CharacterDetail */ = {
			isa = PBXGroup;
			children = (
				0509A7FB2A0E601900C2BE6E /* Model */,
				0509A7FD2A0E602E00C2BE6E /* View */,
				0509A7FE2A0E603400C2BE6E /* Controller */,
			);
			path = CharacterDetail;
			sourceTree = "<group>";
		};
		0509A7FB2A0E601900C2BE6E /* Model */ = {
			isa = PBXGroup;
			children = (
			);
			path = Model;
			sourceTree = "<group>";
		};
		0509A7FD2A0E602E00C2BE6E /* View */ = {
			isa = PBXGroup;
			children = (
				0509A7FF2A0E607100C2BE6E /* CharacterDetailView.swift */,
			);
			path = View;
			sourceTree = "<group>";
		};
		0509A7FE2A0E603400C2BE6E /* Controller */ = {
			isa = PBXGroup;
			children = (
				0509A8012A0E618700C2BE6E /* CharacterDetailViewController.swift */,
			);
			path = Controller;
			sourceTree = "<group>";
		};
		0509A8032A0E953600C2BE6E /* Coordinators */ = {
			isa = PBXGroup;
			children = (
				0509A80A2A1512C000C2BE6E /* Coordinator.swift */,
				0509A80C2A15464B00C2BE6E /* MainCoordinator.swift */,
				0509A80E2A1CF96F00C2BE6E /* CharacterDetailPushCoordinator.swift */,
				0509A8102A1CFEB500C2BE6E /* CharacterDetailModalCoordinator.swift */,
			);
			path = Coordinators;
			sourceTree = "<group>";
		};
/* End PBXGroup section */

/* Begin PBXNativeTarget section */
		0509A7B12A0C085A00C2BE6E /* Rick & Morty */ = {
			isa = PBXNativeTarget;
			buildConfigurationList = 0509A7DC2A0C085B00C2BE6E /* Build configuration list for PBXNativeTarget "Rick & Morty" */;
			buildPhases = (
				0509A7AE2A0C085A00C2BE6E /* Sources */,
				0509A7AF2A0C085A00C2BE6E /* Frameworks */,
				0509A7B02A0C085A00C2BE6E /* Resources */,
			);
			buildRules = (
			);
			dependencies = (
			);
			name = "Rick & Morty";
			packageProductDependencies = (
				0509A7F52A0E575E00C2BE6E /* Kingfisher */,
			);
			productName = "Rick & Morty";
			productReference = 0509A7B22A0C085A00C2BE6E /* Rick & Morty.app */;
			productType = "com.apple.product-type.application";
		};
		0509A7C72A0C085B00C2BE6E /* Rick & MortyTests */ = {
			isa = PBXNativeTarget;
			buildConfigurationList = 0509A7DF2A0C085B00C2BE6E /* Build configuration list for PBXNativeTarget "Rick & MortyTests" */;
			buildPhases = (
				0509A7C42A0C085B00C2BE6E /* Sources */,
				0509A7C52A0C085B00C2BE6E /* Frameworks */,
				0509A7C62A0C085B00C2BE6E /* Resources */,
			);
			buildRules = (
			);
			dependencies = (
				0509A7CA2A0C085B00C2BE6E /* PBXTargetDependency */,
			);
			name = "Rick & MortyTests";
			productName = "Rick & MortyTests";
			productReference = 0509A7C82A0C085B00C2BE6E /* Rick & MortyTests.xctest */;
			productType = "com.apple.product-type.bundle.unit-test";
		};
		0509A7D12A0C085B00C2BE6E /* Rick & MortyUITests */ = {
			isa = PBXNativeTarget;
			buildConfigurationList = 0509A7E22A0C085B00C2BE6E /* Build configuration list for PBXNativeTarget "Rick & MortyUITests" */;
			buildPhases = (
				0509A7CE2A0C085B00C2BE6E /* Sources */,
				0509A7CF2A0C085B00C2BE6E /* Frameworks */,
				0509A7D02A0C085B00C2BE6E /* Resources */,
			);
			buildRules = (
			);
			dependencies = (
				0509A7D42A0C085B00C2BE6E /* PBXTargetDependency */,
			);
			name = "Rick & MortyUITests";
			productName = "Rick & MortyUITests";
			productReference = 0509A7D22A0C085B00C2BE6E /* Rick & MortyUITests.xctest */;
			productType = "com.apple.product-type.bundle.ui-testing";
		};
/* End PBXNativeTarget section */

/* Begin PBXProject section */
		0509A7AA2A0C085A00C2BE6E /* Project object */ = {
			isa = PBXProject;
			attributes = {
				BuildIndependentTargetsInParallel = 1;
				LastSwiftUpdateCheck = 1420;
				LastUpgradeCheck = 1420;
				TargetAttributes = {
					0509A7B12A0C085A00C2BE6E = {
						CreatedOnToolsVersion = 14.2;
					};
					0509A7C72A0C085B00C2BE6E = {
						CreatedOnToolsVersion = 14.2;
						TestTargetID = 0509A7B12A0C085A00C2BE6E;
					};
					0509A7D12A0C085B00C2BE6E = {
						CreatedOnToolsVersion = 14.2;
						TestTargetID = 0509A7B12A0C085A00C2BE6E;
					};
				};
			};
			buildConfigurationList = 0509A7AD2A0C085A00C2BE6E /* Build configuration list for PBXProject "Rick & Morty" */;
			compatibilityVersion = "Xcode 14.0";
			developmentRegion = en;
			hasScannedForEncodings = 0;
			knownRegions = (
				en,
				Base,
			);
			mainGroup = 0509A7A92A0C085A00C2BE6E;
			packageReferences = (
				0509A7F42A0E575E00C2BE6E /* XCRemoteSwiftPackageReference "Kingfisher" */,
			);
			productRefGroup = 0509A7B32A0C085A00C2BE6E /* Products */;
			projectDirPath = "";
			projectRoot = "";
			targets = (
				0509A7B12A0C085A00C2BE6E /* Rick & Morty */,
				0509A7C72A0C085B00C2BE6E /* Rick & MortyTests */,
				0509A7D12A0C085B00C2BE6E /* Rick & MortyUITests */,
			);
		};
/* End PBXProject section */

/* Begin PBXResourcesBuildPhase section */
		0509A7B02A0C085A00C2BE6E /* Resources */ = {
			isa = PBXResourcesBuildPhase;
			buildActionMask = 2147483647;
			files = (
				0509A7C22A0C085B00C2BE6E /* LaunchScreen.storyboard in Resources */,
				0509A7BF2A0C085B00C2BE6E /* Assets.xcassets in Resources */,
				0509A7BD2A0C085A00C2BE6E /* Main.storyboard in Resources */,
			);
			runOnlyForDeploymentPostprocessing = 0;
		};
		0509A7C62A0C085B00C2BE6E /* Resources */ = {
			isa = PBXResourcesBuildPhase;
			buildActionMask = 2147483647;
			files = (
			);
			runOnlyForDeploymentPostprocessing = 0;
		};
		0509A7D02A0C085B00C2BE6E /* Resources */ = {
			isa = PBXResourcesBuildPhase;
			buildActionMask = 2147483647;
			files = (
			);
			runOnlyForDeploymentPostprocessing = 0;
		};
/* End PBXResourcesBuildPhase section */

/* Begin PBXSourcesBuildPhase section */
		0509A7AE2A0C085A00C2BE6E /* Sources */ = {
			isa = PBXSourcesBuildPhase;
			buildActionMask = 2147483647;
			files = (
				0509A7F32A0D5CD500C2BE6E /* ListOfCharactersTableViewDataSource.swift in Sources */,
				0509A8112A1CFEB500C2BE6E /* CharacterDetailModalCoordinator.swift in Sources */,
				0509A80D2A15464B00C2BE6E /* MainCoordinator.swift in Sources */,
				0509A8022A0E618700C2BE6E /* CharacterDetailViewController.swift in Sources */,
				0509A80B2A1512C000C2BE6E /* Coordinator.swift in Sources */,
				0509A8002A0E607100C2BE6E /* CharacterDetailView.swift in Sources */,
				0509A7EB2A0C0C3100C2BE6E /* CharacterModelResponse.swift in Sources */,
				0509A7EF2A0C0EDA00C2BE6E /* CharacteraListView.swift in Sources */,
				0509A7F12A0CF66D00C2BE6E /* CharacterListCellView.swift in Sources */,
				0509A7E92A0C094300C2BE6E /* API Client.swift in Sources */,
				0509A7F82A0E58D600C2BE6E /* ListOfCharactersTableViewDelegate.swift in Sources */,
				0509A7BA2A0C085A00C2BE6E /* CharactersListViewController.swift in Sources */,
				0509A7ED2A0C0D3500C2BE6E /* CharacterModel.swift in Sources */,
				0509A7B62A0C085A00C2BE6E /* AppDelegate.swift in Sources */,
				0509A7B82A0C085A00C2BE6E /* SceneDelegate.swift in Sources */,
				0509A80F2A1CF96F00C2BE6E /* CharacterDetailPushCoordinator.swift in Sources */,
			);
			runOnlyForDeploymentPostprocessing = 0;
		};
		0509A7C42A0C085B00C2BE6E /* Sources */ = {
			isa = PBXSourcesBuildPhase;
			buildActionMask = 2147483647;
			files = (
				0509A7CD2A0C085B00C2BE6E /* Rick___MortyTests.swift in Sources */,
			);
			runOnlyForDeploymentPostprocessing = 0;
		};
		0509A7CE2A0C085B00C2BE6E /* Sources */ = {
			isa = PBXSourcesBuildPhase;
			buildActionMask = 2147483647;
			files = (
				0509A7D72A0C085B00C2BE6E /* Rick___MortyUITests.swift in Sources */,
				0509A7D92A0C085B00C2BE6E /* Rick___MortyUITestsLaunchTests.swift in Sources */,
			);
			runOnlyForDeploymentPostprocessing = 0;
		};
/* End PBXSourcesBuildPhase section */

/* Begin PBXTargetDependency section */
		0509A7CA2A0C085B00C2BE6E /* PBXTargetDependency */ = {
			isa = PBXTargetDependency;
			target = 0509A7B12A0C085A00C2BE6E /* Rick & Morty */;
			targetProxy = 0509A7C92A0C085B00C2BE6E /* PBXContainerItemProxy */;
		};
		0509A7D42A0C085B00C2BE6E /* PBXTargetDependency */ = {
			isa = PBXTargetDependency;
			target = 0509A7B12A0C085A00C2BE6E /* Rick & Morty */;
			targetProxy = 0509A7D32A0C085B00C2BE6E /* PBXContainerItemProxy */;
		};
/* End PBXTargetDependency section */

/* Begin PBXVariantGroup section */
		0509A7BB2A0C085A00C2BE6E /* Main.storyboard */ = {
			isa = PBXVariantGroup;
			children = (
				0509A7BC2A0C085A00C2BE6E /* Base */,
			);
			name = Main.storyboard;
			sourceTree = "<group>";
		};
		0509A7C02A0C085B00C2BE6E /* LaunchScreen.storyboard */ = {
			isa = PBXVariantGroup;
			children = (
				0509A7C12A0C085B00C2BE6E /* Base */,
			);
			name = LaunchScreen.storyboard;
			sourceTree = "<group>";
		};
/* End PBXVariantGroup section */

/* Begin XCBuildConfiguration section */
		0509A7DA2A0C085B00C2BE6E /* Debug */ = {
			isa = XCBuildConfiguration;
			buildSettings = {
				ALWAYS_SEARCH_USER_PATHS = NO;
				CLANG_ANALYZER_NONNULL = YES;
				CLANG_ANALYZER_NUMBER_OBJECT_CONVERSION = YES_AGGRESSIVE;
				CLANG_CXX_LANGUAGE_STANDARD = "gnu++20";
				CLANG_ENABLE_MODULES = YES;
				CLANG_ENABLE_OBJC_ARC = YES;
				CLANG_ENABLE_OBJC_WEAK = YES;
				CLANG_WARN_BLOCK_CAPTURE_AUTORELEASING = YES;
				CLANG_WARN_BOOL_CONVERSION = YES;
				CLANG_WARN_COMMA = YES;
				CLANG_WARN_CONSTANT_CONVERSION = YES;
				CLANG_WARN_DEPRECATED_OBJC_IMPLEMENTATIONS = YES;
				CLANG_WARN_DIRECT_OBJC_ISA_USAGE = YES_ERROR;
				CLANG_WARN_DOCUMENTATION_COMMENTS = YES;
				CLANG_WARN_EMPTY_BODY = YES;
				CLANG_WARN_ENUM_CONVERSION = YES;
				CLANG_WARN_INFINITE_RECURSION = YES;
				CLANG_WARN_INT_CONVERSION = YES;
				CLANG_WARN_NON_LITERAL_NULL_CONVERSION = YES;
				CLANG_WARN_OBJC_IMPLICIT_RETAIN_SELF = YES;
				CLANG_WARN_OBJC_LITERAL_CONVERSION = YES;
				CLANG_WARN_OBJC_ROOT_CLASS = YES_ERROR;
				CLANG_WARN_QUOTED_INCLUDE_IN_FRAMEWORK_HEADER = YES;
				CLANG_WARN_RANGE_LOOP_ANALYSIS = YES;
				CLANG_WARN_STRICT_PROTOTYPES = YES;
				CLANG_WARN_SUSPICIOUS_MOVE = YES;
				CLANG_WARN_UNGUARDED_AVAILABILITY = YES_AGGRESSIVE;
				CLANG_WARN_UNREACHABLE_CODE = YES;
				CLANG_WARN__DUPLICATE_METHOD_MATCH = YES;
				COPY_PHASE_STRIP = NO;
				DEBUG_INFORMATION_FORMAT = dwarf;
				ENABLE_STRICT_OBJC_MSGSEND = YES;
				ENABLE_TESTABILITY = YES;
				GCC_C_LANGUAGE_STANDARD = gnu11;
				GCC_DYNAMIC_NO_PIC = NO;
				GCC_NO_COMMON_BLOCKS = YES;
				GCC_OPTIMIZATION_LEVEL = 0;
				GCC_PREPROCESSOR_DEFINITIONS = (
					"DEBUG=1",
					"$(inherited)",
				);
				GCC_WARN_64_TO_32_BIT_CONVERSION = YES;
				GCC_WARN_ABOUT_RETURN_TYPE = YES_ERROR;
				GCC_WARN_UNDECLARED_SELECTOR = YES;
				GCC_WARN_UNINITIALIZED_AUTOS = YES_AGGRESSIVE;
				GCC_WARN_UNUSED_FUNCTION = YES;
				GCC_WARN_UNUSED_VARIABLE = YES;
				IPHONEOS_DEPLOYMENT_TARGET = 16.2;
				MTL_ENABLE_DEBUG_INFO = INCLUDE_SOURCE;
				MTL_FAST_MATH = YES;
				ONLY_ACTIVE_ARCH = YES;
				SDKROOT = iphoneos;
				SWIFT_ACTIVE_COMPILATION_CONDITIONS = DEBUG;
				SWIFT_OPTIMIZATION_LEVEL = "-Onone";
			};
			name = Debug;
		};
		0509A7DB2A0C085B00C2BE6E /* Release */ = {
			isa = XCBuildConfiguration;
			buildSettings = {
				ALWAYS_SEARCH_USER_PATHS = NO;
				CLANG_ANALYZER_NONNULL = YES;
				CLANG_ANALYZER_NUMBER_OBJECT_CONVERSION = YES_AGGRESSIVE;
				CLANG_CXX_LANGUAGE_STANDARD = "gnu++20";
				CLANG_ENABLE_MODULES = YES;
				CLANG_ENABLE_OBJC_ARC = YES;
				CLANG_ENABLE_OBJC_WEAK = YES;
				CLANG_WARN_BLOCK_CAPTURE_AUTORELEASING = YES;
				CLANG_WARN_BOOL_CONVERSION = YES;
				CLANG_WARN_COMMA = YES;
				CLANG_WARN_CONSTANT_CONVERSION = YES;
				CLANG_WARN_DEPRECATED_OBJC_IMPLEMENTATIONS = YES;
				CLANG_WARN_DIRECT_OBJC_ISA_USAGE = YES_ERROR;
				CLANG_WARN_DOCUMENTATION_COMMENTS = YES;
				CLANG_WARN_EMPTY_BODY = YES;
				CLANG_WARN_ENUM_CONVERSION = YES;
				CLANG_WARN_INFINITE_RECURSION = YES;
				CLANG_WARN_INT_CONVERSION = YES;
				CLANG_WARN_NON_LITERAL_NULL_CONVERSION = YES;
				CLANG_WARN_OBJC_IMPLICIT_RETAIN_SELF = YES;
				CLANG_WARN_OBJC_LITERAL_CONVERSION = YES;
				CLANG_WARN_OBJC_ROOT_CLASS = YES_ERROR;
				CLANG_WARN_QUOTED_INCLUDE_IN_FRAMEWORK_HEADER = YES;
				CLANG_WARN_RANGE_LOOP_ANALYSIS = YES;
				CLANG_WARN_STRICT_PROTOTYPES = YES;
				CLANG_WARN_SUSPICIOUS_MOVE = YES;
				CLANG_WARN_UNGUARDED_AVAILABILITY = YES_AGGRESSIVE;
				CLANG_WARN_UNREACHABLE_CODE = YES;
				CLANG_WARN__DUPLICATE_METHOD_MATCH = YES;
				COPY_PHASE_STRIP = NO;
				DEBUG_INFORMATION_FORMAT = "dwarf-with-dsym";
				ENABLE_NS_ASSERTIONS = NO;
				ENABLE_STRICT_OBJC_MSGSEND = YES;
				GCC_C_LANGUAGE_STANDARD = gnu11;
				GCC_NO_COMMON_BLOCKS = YES;
				GCC_WARN_64_TO_32_BIT_CONVERSION = YES;
				GCC_WARN_ABOUT_RETURN_TYPE = YES_ERROR;
				GCC_WARN_UNDECLARED_SELECTOR = YES;
				GCC_WARN_UNINITIALIZED_AUTOS = YES_AGGRESSIVE;
				GCC_WARN_UNUSED_FUNCTION = YES;
				GCC_WARN_UNUSED_VARIABLE = YES;
				IPHONEOS_DEPLOYMENT_TARGET = 16.2;
				MTL_ENABLE_DEBUG_INFO = NO;
				MTL_FAST_MATH = YES;
				SDKROOT = iphoneos;
				SWIFT_COMPILATION_MODE = wholemodule;
				SWIFT_OPTIMIZATION_LEVEL = "-O";
				VALIDATE_PRODUCT = YES;
			};
			name = Release;
		};
		0509A7DD2A0C085B00C2BE6E /* Debug */ = {
			isa = XCBuildConfiguration;
			buildSettings = {
				ASSETCATALOG_COMPILER_APPICON_NAME = AppIcon;
				ASSETCATALOG_COMPILER_GLOBAL_ACCENT_COLOR_NAME = AccentColor;
				CODE_SIGN_STYLE = Automatic;
				CURRENT_PROJECT_VERSION = 1;
				GENERATE_INFOPLIST_FILE = YES;
				INFOPLIST_FILE = "Rick & Morty/Info.plist";
				INFOPLIST_KEY_UIApplicationSupportsIndirectInputEvents = YES;
				INFOPLIST_KEY_UILaunchStoryboardName = LaunchScreen;
				INFOPLIST_KEY_UIMainStoryboardFile = Main;
				INFOPLIST_KEY_UISupportedInterfaceOrientations_iPad = "UIInterfaceOrientationPortrait UIInterfaceOrientationPortraitUpsideDown UIInterfaceOrientationLandscapeLeft UIInterfaceOrientationLandscapeRight";
				INFOPLIST_KEY_UISupportedInterfaceOrientations_iPhone = "UIInterfaceOrientationPortrait UIInterfaceOrientationLandscapeLeft UIInterfaceOrientationLandscapeRight";
				LD_RUNPATH_SEARCH_PATHS = (
					"$(inherited)",
					"@executable_path/Frameworks",
				);
				MARKETING_VERSION = 1.0;
				PRODUCT_BUNDLE_IDENTIFIER = "rafa.Rick---Morty";
				PRODUCT_NAME = "$(TARGET_NAME)";
				SWIFT_EMIT_LOC_STRINGS = YES;
				SWIFT_VERSION = 5.0;
				TARGETED_DEVICE_FAMILY = "1,2";
			};
			name = Debug;
		};
		0509A7DE2A0C085B00C2BE6E /* Release */ = {
			isa = XCBuildConfiguration;
			buildSettings = {
				ASSETCATALOG_COMPILER_APPICON_NAME = AppIcon;
				ASSETCATALOG_COMPILER_GLOBAL_ACCENT_COLOR_NAME = AccentColor;
				CODE_SIGN_STYLE = Automatic;
				CURRENT_PROJECT_VERSION = 1;
				GENERATE_INFOPLIST_FILE = YES;
				INFOPLIST_FILE = "Rick & Morty/Info.plist";
				INFOPLIST_KEY_UIApplicationSupportsIndirectInputEvents = YES;
				INFOPLIST_KEY_UILaunchStoryboardName = LaunchScreen;
				INFOPLIST_KEY_UIMainStoryboardFile = Main;
				INFOPLIST_KEY_UISupportedInterfaceOrientations_iPad = "UIInterfaceOrientationPortrait UIInterfaceOrientationPortraitUpsideDown UIInterfaceOrientationLandscapeLeft UIInterfaceOrientationLandscapeRight";
				INFOPLIST_KEY_UISupportedInterfaceOrientations_iPhone = "UIInterfaceOrientationPortrait UIInterfaceOrientationLandscapeLeft UIInterfaceOrientationLandscapeRight";
				LD_RUNPATH_SEARCH_PATHS = (
					"$(inherited)",
					"@executable_path/Frameworks",
				);
				MARKETING_VERSION = 1.0;
				PRODUCT_BUNDLE_IDENTIFIER = "rafa.Rick---Morty";
				PRODUCT_NAME = "$(TARGET_NAME)";
				SWIFT_EMIT_LOC_STRINGS = YES;
				SWIFT_VERSION = 5.0;
				TARGETED_DEVICE_FAMILY = "1,2";
			};
			name = Release;
		};
		0509A7E02A0C085B00C2BE6E /* Debug */ = {
			isa = XCBuildConfiguration;
			buildSettings = {
				ALWAYS_EMBED_SWIFT_STANDARD_LIBRARIES = YES;
				BUNDLE_LOADER = "$(TEST_HOST)";
				CODE_SIGN_STYLE = Automatic;
				CURRENT_PROJECT_VERSION = 1;
				GENERATE_INFOPLIST_FILE = YES;
				IPHONEOS_DEPLOYMENT_TARGET = 16.2;
				MARKETING_VERSION = 1.0;
				PRODUCT_BUNDLE_IDENTIFIER = "rafa.Rick---MortyTests";
				PRODUCT_NAME = "$(TARGET_NAME)";
				SWIFT_EMIT_LOC_STRINGS = NO;
				SWIFT_VERSION = 5.0;
				TARGETED_DEVICE_FAMILY = "1,2";
				TEST_HOST = "$(BUILT_PRODUCTS_DIR)/Rick & Morty.app/$(BUNDLE_EXECUTABLE_FOLDER_PATH)/Rick & Morty";
			};
			name = Debug;
		};
		0509A7E12A0C085B00C2BE6E /* Release */ = {
			isa = XCBuildConfiguration;
			buildSettings = {
				ALWAYS_EMBED_SWIFT_STANDARD_LIBRARIES = YES;
				BUNDLE_LOADER = "$(TEST_HOST)";
				CODE_SIGN_STYLE = Automatic;
				CURRENT_PROJECT_VERSION = 1;
				GENERATE_INFOPLIST_FILE = YES;
				IPHONEOS_DEPLOYMENT_TARGET = 16.2;
				MARKETING_VERSION = 1.0;
				PRODUCT_BUNDLE_IDENTIFIER = "rafa.Rick---MortyTests";
				PRODUCT_NAME = "$(TARGET_NAME)";
				SWIFT_EMIT_LOC_STRINGS = NO;
				SWIFT_VERSION = 5.0;
				TARGETED_DEVICE_FAMILY = "1,2";
				TEST_HOST = "$(BUILT_PRODUCTS_DIR)/Rick & Morty.app/$(BUNDLE_EXECUTABLE_FOLDER_PATH)/Rick & Morty";
			};
			name = Release;
		};
		0509A7E32A0C085B00C2BE6E /* Debug */ = {
			isa = XCBuildConfiguration;
			buildSettings = {
				ALWAYS_EMBED_SWIFT_STANDARD_LIBRARIES = YES;
				CODE_SIGN_STYLE = Automatic;
				CURRENT_PROJECT_VERSION = 1;
				GENERATE_INFOPLIST_FILE = YES;
				MARKETING_VERSION = 1.0;
				PRODUCT_BUNDLE_IDENTIFIER = "rafa.Rick---MortyUITests";
				PRODUCT_NAME = "$(TARGET_NAME)";
				SWIFT_EMIT_LOC_STRINGS = NO;
				SWIFT_VERSION = 5.0;
				TARGETED_DEVICE_FAMILY = "1,2";
				TEST_TARGET_NAME = "Rick & Morty";
			};
			name = Debug;
		};
		0509A7E42A0C085B00C2BE6E /* Release */ = {
			isa = XCBuildConfiguration;
			buildSettings = {
				ALWAYS_EMBED_SWIFT_STANDARD_LIBRARIES = YES;
				CODE_SIGN_STYLE = Automatic;
				CURRENT_PROJECT_VERSION = 1;
				GENERATE_INFOPLIST_FILE = YES;
				MARKETING_VERSION = 1.0;
				PRODUCT_BUNDLE_IDENTIFIER = "rafa.Rick---MortyUITests";
				PRODUCT_NAME = "$(TARGET_NAME)";
				SWIFT_EMIT_LOC_STRINGS = NO;
				SWIFT_VERSION = 5.0;
				TARGETED_DEVICE_FAMILY = "1,2";
				TEST_TARGET_NAME = "Rick & Morty";
			};
			name = Release;
		};
/* End XCBuildConfiguration section */

/* Begin XCConfigurationList section */
		0509A7AD2A0C085A00C2BE6E /* Build configuration list for PBXProject "Rick & Morty" */ = {
			isa = XCConfigurationList;
			buildConfigurations = (
				0509A7DA2A0C085B00C2BE6E /* Debug */,
				0509A7DB2A0C085B00C2BE6E /* Release */,
			);
			defaultConfigurationIsVisible = 0;
			defaultConfigurationName = Release;
		};
		0509A7DC2A0C085B00C2BE6E /* Build configuration list for PBXNativeTarget "Rick & Morty" */ = {
			isa = XCConfigurationList;
			buildConfigurations = (
				0509A7DD2A0C085B00C2BE6E /* Debug */,
				0509A7DE2A0C085B00C2BE6E /* Release */,
			);
			defaultConfigurationIsVisible = 0;
			defaultConfigurationName = Release;
		};
		0509A7DF2A0C085B00C2BE6E /* Build configuration list for PBXNativeTarget "Rick & MortyTests" */ = {
			isa = XCConfigurationList;
			buildConfigurations = (
				0509A7E02A0C085B00C2BE6E /* Debug */,
				0509A7E12A0C085B00C2BE6E /* Release */,
			);
			defaultConfigurationIsVisible = 0;
			defaultConfigurationName = Release;
		};
		0509A7E22A0C085B00C2BE6E /* Build configuration list for PBXNativeTarget "Rick & MortyUITests" */ = {
			isa = XCConfigurationList;
			buildConfigurations = (
				0509A7E32A0C085B00C2BE6E /* Debug */,
				0509A7E42A0C085B00C2BE6E /* Release */,
			);
			defaultConfigurationIsVisible = 0;
			defaultConfigurationName = Release;
		};
/* End XCConfigurationList section */

/* Begin XCRemoteSwiftPackageReference section */
		0509A7F42A0E575E00C2BE6E /* XCRemoteSwiftPackageReference "Kingfisher" */ = {
			isa = XCRemoteSwiftPackageReference;
			repositoryURL = "https://github.com/onevcat/Kingfisher.git";
			requirement = {
				kind = upToNextMajorVersion;
				minimumVersion = 7.0.0;
			};
		};
/* End XCRemoteSwiftPackageReference section */

/* Begin XCSwiftPackageProductDependency section */
		0509A7F52A0E575E00C2BE6E /* Kingfisher */ = {
			isa = XCSwiftPackageProductDependency;
			package = 0509A7F42A0E575E00C2BE6E /* XCRemoteSwiftPackageReference "Kingfisher" */;
			productName = Kingfisher;
		};
/* End XCSwiftPackageProductDependency section */
	};
	rootObject = 0509A7AA2A0C085A00C2BE6E /* Project object */;
}
